{
  "version": 4,
  "terraform_version": "1.3.4",
  "serial": 47,
  "lineage": "01408cc5-2fdd-62b7-dd10-1e44e9a87752",
  "outputs": {},
  "resources": [
    {
      "mode": "managed",
      "type": "local_file",
      "name": "test",
      "provider": "provider[\"registry.terraform.io/hashicorp/local\"]",
      "instances": [
        {
          "schema_version": 0,
          "attributes": {
            "content": "abhinav",
            "content_base64": null,
            "directory_permission": "0777",
            "file_permission": "0777",
            "filename": "p1.py",
            "id": "d73ef2279de6577f7bf081737ee47554bbb7dc82",
            "sensitive_content": null,
            "source": null
          },
          "sensitive_attributes": [],
          "private": "bnVsbA=="
        }
      ]
    }
  ],
  "check_results": null
}
